// !$*UTF8*$!
{
	archiveVersion = 1;
	classes = {
	};
	objectVersion = 45;
	objects = {

/* Begin PBXBuildFile section */
		1D60589B0D05DD56006BFB54 /* main.m in Sources */ = {isa = PBXBuildFile; fileRef = 29B97316FDCFA39411CA2CEA /* main.m */; };
		1D60589F0D05DD5A006BFB54 /* Foundation.framework in Frameworks */ = {isa = PBXBuildFile; fileRef = 1D30AB110D05D00D00671497 /* Foundation.framework */; };
		1DF5F4E00D08C38300B7A737 /* UIKit.framework in Frameworks */ = {isa = PBXBuildFile; fileRef = 1DF5F4DF0D08C38300B7A737 /* UIKit.framework */; };
		288765FD0DF74451002DB57D /* CoreGraphics.framework in Frameworks */ = {isa = PBXBuildFile; fileRef = 288765FC0DF74451002DB57D /* CoreGraphics.framework */; };
		3027C0ED0EB66D0500F9580A /* PropertiesViewController.m in Sources */ = {isa = PBXBuildFile; fileRef = 3027C0DF0EB66D0500F9580A /* PropertiesViewController.m */; };
		3027C0EE0EB66D0500F9580A /* PropertyCell.m in Sources */ = {isa = PBXBuildFile; fileRef = 3027C0E10EB66D0500F9580A /* PropertyCell.m */; };
		3027C0F10EB66D0500F9580A /* AppDelegate.m in Sources */ = {isa = PBXBuildFile; fileRef = 3027C0E70EB66D0500F9580A /* AppDelegate.m */; };
		3027C0F20EB66D0500F9580A /* ListViewController.m in Sources */ = {isa = PBXBuildFile; fileRef = 3027C0E80EB66D0500F9580A /* ListViewController.m */; };
		3027C0F30EB66D0500F9580A /* DetailCell.m in Sources */ = {isa = PBXBuildFile; fileRef = 3027C0EA0EB66D0500F9580A /* DetailCell.m */; };
		3027C0F50EB66D0E00F9580A /* Default.png in Resources */ = {isa = PBXBuildFile; fileRef = 3027C0F40EB66D0E00F9580A /* Default.png */; };
		3027C1920EB6713F00F9580A /* appData.plist in Resources */ = {isa = PBXBuildFile; fileRef = 3027C1910EB6713F00F9580A /* appData.plist */; };
		EB27DA8A0EDFED1B00D8E461 /* EditProperty.xib in Resources */ = {isa = PBXBuildFile; fileRef = EB27DA890EDFED1B00D8E461 /* EditProperty.xib */; };
		EB27DAC40EDFF25500D8E461 /* EditPropertyController.m in Sources */ = {isa = PBXBuildFile; fileRef = EB27DAC30EDFF25500D8E461 /* EditPropertyController.m */; };
		EB5A9D910ED98DF90091DDD9 /* README.Textile in Resources */ = {isa = PBXBuildFile; fileRef = EB5A9D900ED98DF90091DDD9 /* README.Textile */; };
		EB5A9DA70ED9D54E0091DDD9 /* ListView.xib in Resources */ = {isa = PBXBuildFile; fileRef = EB5A9DA60ED9D54E0091DDD9 /* ListView.xib */; };
		EB5A9DA90ED9D6D50091DDD9 /* PropertiesView.xib in Resources */ = {isa = PBXBuildFile; fileRef = EB5A9DA80ED9D6D50091DDD9 /* PropertiesView.xib */; };
		EB62CA450EDAC39600E5CFB3 /* Song.m in Sources */ = {isa = PBXBuildFile; fileRef = EB62CA440EDAC39600E5CFB3 /* Song.m */; };
		EB62CA4A0EDAC6FD00E5CFB3 /* SongList.m in Sources */ = {isa = PBXBuildFile; fileRef = EB62CA490EDAC6FD00E5CFB3 /* SongList.m */; };
/* End PBXBuildFile section */

/* Begin PBXFileReference section */
		1D30AB110D05D00D00671497 /* Foundation.framework */ = {isa = PBXFileReference; lastKnownFileType = wrapper.framework; name = Foundation.framework; path = System/Library/Frameworks/Foundation.framework; sourceTree = SDKROOT; };
		1D6058910D05DD3D006BFB54 /* Metronomic.app */ = {isa = PBXFileReference; explicitFileType = wrapper.application; includeInIndex = 0; path = Metronomic.app; sourceTree = BUILT_PRODUCTS_DIR; };
		1DF5F4DF0D08C38300B7A737 /* UIKit.framework */ = {isa = PBXFileReference; lastKnownFileType = wrapper.framework; name = UIKit.framework; path = System/Library/Frameworks/UIKit.framework; sourceTree = SDKROOT; };
		288765FC0DF74451002DB57D /* CoreGraphics.framework */ = {isa = PBXFileReference; lastKnownFileType = wrapper.framework; name = CoreGraphics.framework; path = System/Library/Frameworks/CoreGraphics.framework; sourceTree = SDKROOT; };
		29B97316FDCFA39411CA2CEA /* main.m */ = {isa = PBXFileReference; fileEncoding = 4; lastKnownFileType = sourcecode.c.objc; path = main.m; sourceTree = "<group>"; };
		3027C0DF0EB66D0500F9580A /* PropertiesViewController.m */ = {isa = PBXFileReference; fileEncoding = 4; lastKnownFileType = sourcecode.c.objc; path = PropertiesViewController.m; sourceTree = "<group>"; };
		3027C0E00EB66D0500F9580A /* PropertiesViewController.h */ = {isa = PBXFileReference; fileEncoding = 4; lastKnownFileType = sourcecode.c.h; path = PropertiesViewController.h; sourceTree = "<group>"; };
		3027C0E10EB66D0500F9580A /* PropertyCell.m */ = {isa = PBXFileReference; fileEncoding = 4; lastKnownFileType = sourcecode.c.objc; path = PropertyCell.m; sourceTree = "<group>"; };
		3027C0E20EB66D0500F9580A /* PropertyCell.h */ = {isa = PBXFileReference; fileEncoding = 4; lastKnownFileType = sourcecode.c.h; path = PropertyCell.h; sourceTree = "<group>"; };
		3027C0E70EB66D0500F9580A /* AppDelegate.m */ = {isa = PBXFileReference; fileEncoding = 4; lastKnownFileType = sourcecode.c.objc; path = AppDelegate.m; sourceTree = "<group>"; };
		3027C0E80EB66D0500F9580A /* ListViewController.m */ = {isa = PBXFileReference; fileEncoding = 4; lastKnownFileType = sourcecode.c.objc; path = ListViewController.m; sourceTree = "<group>"; };
		3027C0E90EB66D0500F9580A /* ListViewController.h */ = {isa = PBXFileReference; fileEncoding = 4; lastKnownFileType = sourcecode.c.h; path = ListViewController.h; sourceTree = "<group>"; };
		3027C0EA0EB66D0500F9580A /* DetailCell.m */ = {isa = PBXFileReference; fileEncoding = 4; lastKnownFileType = sourcecode.c.objc; path = DetailCell.m; sourceTree = "<group>"; };
		3027C0EB0EB66D0500F9580A /* DetailCell.h */ = {isa = PBXFileReference; fileEncoding = 4; lastKnownFileType = sourcecode.c.h; path = DetailCell.h; sourceTree = "<group>"; };
		3027C0EC0EB66D0500F9580A /* AppDelegate.h */ = {isa = PBXFileReference; fileEncoding = 4; lastKnownFileType = sourcecode.c.h; path = AppDelegate.h; sourceTree = "<group>"; };
		3027C0F40EB66D0E00F9580A /* Default.png */ = {isa = PBXFileReference; lastKnownFileType = image.png; path = Default.png; sourceTree = "<group>"; };
		3027C1910EB6713F00F9580A /* appData.plist */ = {isa = PBXFileReference; fileEncoding = 4; lastKnownFileType = text.plist.xml; path = appData.plist; sourceTree = "<group>"; };
		8D1107310486CEB800E47090 /* Info.plist */ = {isa = PBXFileReference; fileEncoding = 4; lastKnownFileType = text.plist.xml; path = Info.plist; sourceTree = "<group>"; };
		EB27DA890EDFED1B00D8E461 /* EditProperty.xib */ = {isa = PBXFileReference; lastKnownFileType = file.xib; path = EditProperty.xib; sourceTree = "<group>"; };
		EB27DAC20EDFF25500D8E461 /* EditPropertyController.h */ = {isa = PBXFileReference; fileEncoding = 4; lastKnownFileType = sourcecode.c.h; path = EditPropertyController.h; sourceTree = "<group>"; };
		EB27DAC30EDFF25500D8E461 /* EditPropertyController.m */ = {isa = PBXFileReference; fileEncoding = 4; lastKnownFileType = sourcecode.c.objc; path = EditPropertyController.m; sourceTree = "<group>"; };
		EB5A9D900ED98DF90091DDD9 /* README.Textile */ = {isa = PBXFileReference; fileEncoding = 4; lastKnownFileType = text; path = README.Textile; sourceTree = "<group>"; };
		EB5A9DA60ED9D54E0091DDD9 /* ListView.xib */ = {isa = PBXFileReference; lastKnownFileType = file.xib; path = ListView.xib; sourceTree = "<group>"; };
		EB5A9DA80ED9D6D50091DDD9 /* PropertiesView.xib */ = {isa = PBXFileReference; lastKnownFileType = file.xib; path = PropertiesView.xib; sourceTree = "<group>"; };
		EB5A9DB30ED9D7850091DDD9 /* Metronomic_Prefix.pch */ = {isa = PBXFileReference; fileEncoding = 4; lastKnownFileType = sourcecode.c.h; path = Metronomic_Prefix.pch; sourceTree = "<group>"; };
		EB62CA430EDAC39600E5CFB3 /* Song.h */ = {isa = PBXFileReference; fileEncoding = 4; lastKnownFileType = sourcecode.c.h; path = Song.h; sourceTree = "<group>"; };
		EB62CA440EDAC39600E5CFB3 /* Song.m */ = {isa = PBXFileReference; fileEncoding = 4; lastKnownFileType = sourcecode.c.objc; path = Song.m; sourceTree = "<group>"; };
		EB62CA480EDAC6FD00E5CFB3 /* SongList.h */ = {isa = PBXFileReference; fileEncoding = 4; lastKnownFileType = sourcecode.c.h; path = SongList.h; sourceTree = "<group>"; };
		EB62CA490EDAC6FD00E5CFB3 /* SongList.m */ = {isa = PBXFileReference; fileEncoding = 4; lastKnownFileType = sourcecode.c.objc; path = SongList.m; sourceTree = "<group>"; };
/* End PBXFileReference section */

/* Begin PBXFrameworksBuildPhase section */
		1D60588F0D05DD3D006BFB54 /* Frameworks */ = {
			isa = PBXFrameworksBuildPhase;
			buildActionMask = 2147483647;
			files = (
				1D60589F0D05DD5A006BFB54 /* Foundation.framework in Frameworks */,
				1DF5F4E00D08C38300B7A737 /* UIKit.framework in Frameworks */,
				288765FD0DF74451002DB57D /* CoreGraphics.framework in Frameworks */,
			);
			runOnlyForDeploymentPostprocessing = 0;
		};
/* End PBXFrameworksBuildPhase section */

/* Begin PBXGroup section */
		080E96DDFE201D6D7F000001 /* Classes */ = {
			isa = PBXGroup;
			children = (
				3027C0DF0EB66D0500F9580A /* PropertiesViewController.m */,
				3027C0E00EB66D0500F9580A /* PropertiesViewController.h */,
				3027C0E10EB66D0500F9580A /* PropertyCell.m */,
				3027C0E20EB66D0500F9580A /* PropertyCell.h */,
				3027C0E80EB66D0500F9580A /* ListViewController.m */,
				3027C0E90EB66D0500F9580A /* ListViewController.h */,
				3027C0EA0EB66D0500F9580A /* DetailCell.m */,
				3027C0EB0EB66D0500F9580A /* DetailCell.h */,
				3027C0EC0EB66D0500F9580A /* AppDelegate.h */,
				3027C0E70EB66D0500F9580A /* AppDelegate.m */,
				EB62CA430EDAC39600E5CFB3 /* Song.h */,
				EB62CA440EDAC39600E5CFB3 /* Song.m */,
				EB62CA480EDAC6FD00E5CFB3 /* SongList.h */,
				EB62CA490EDAC6FD00E5CFB3 /* SongList.m */,
				EB27DAC20EDFF25500D8E461 /* EditPropertyController.h */,
				EB27DAC30EDFF25500D8E461 /* EditPropertyController.m */,
			);
			path = Classes;
			sourceTree = "<group>";
		};
		19C28FACFE9D520D11CA2CBB /* Products */ = {
			isa = PBXGroup;
			children = (
				1D6058910D05DD3D006BFB54 /* Metronomic.app */,
			);
			name = Products;
			sourceTree = "<group>";
		};
		29B97314FDCFA39411CA2CEA /* CustomTemplate */ = {
			isa = PBXGroup;
			children = (
				EB5A9D900ED98DF90091DDD9 /* README.Textile */,
				080E96DDFE201D6D7F000001 /* Classes */,
				29B97315FDCFA39411CA2CEA /* Other Sources */,
				29B97317FDCFA39411CA2CEA /* Resources */,
				29B97323FDCFA39411CA2CEA /* Frameworks */,
				19C28FACFE9D520D11CA2CBB /* Products */,
			);
			name = CustomTemplate;
			sourceTree = "<group>";
		};
		29B97315FDCFA39411CA2CEA /* Other Sources */ = {
			isa = PBXGroup;
			children = (
				EB5A9DB30ED9D7850091DDD9 /* Metronomic_Prefix.pch */,
				29B97316FDCFA39411CA2CEA /* main.m */,
			);
			name = "Other Sources";
			sourceTree = "<group>";
		};
		29B97317FDCFA39411CA2CEA /* Resources */ = {
			isa = PBXGroup;
			children = (
				EB5A9DA80ED9D6D50091DDD9 /* PropertiesView.xib */,
				EB5A9DA60ED9D54E0091DDD9 /* ListView.xib */,
				8D1107310486CEB800E47090 /* Info.plist */,
				3027C1910EB6713F00F9580A /* appData.plist */,
				3027C0F40EB66D0E00F9580A /* Default.png */,
				EB27DA890EDFED1B00D8E461 /* EditProperty.xib */,
			);
			name = Resources;
			sourceTree = "<group>";
		};
		29B97323FDCFA39411CA2CEA /* Frameworks */ = {
			isa = PBXGroup;
			children = (
				1DF5F4DF0D08C38300B7A737 /* UIKit.framework */,
				1D30AB110D05D00D00671497 /* Foundation.framework */,
				288765FC0DF74451002DB57D /* CoreGraphics.framework */,
			);
			name = Frameworks;
			sourceTree = "<group>";
		};
/* End PBXGroup section */

/* Begin PBXNativeTarget section */
		1D6058900D05DD3D006BFB54 /* Metronomic */ = {
			isa = PBXNativeTarget;
			buildConfigurationList = 1D6058960D05DD3E006BFB54 /* Build configuration list for PBXNativeTarget "Metronomic" */;
			buildPhases = (
				1D60588D0D05DD3D006BFB54 /* Resources */,
				1D60588E0D05DD3D006BFB54 /* Sources */,
				1D60588F0D05DD3D006BFB54 /* Frameworks */,
			);
			buildRules = (
			);
			dependencies = (
			);
			name = Metronomic;
			productName = EditableDetailView;
			productReference = 1D6058910D05DD3D006BFB54 /* Metronomic.app */;
			productType = "com.apple.product-type.application";
		};
/* End PBXNativeTarget section */

/* Begin PBXProject section */
		29B97313FDCFA39411CA2CEA /* Project object */ = {
			isa = PBXProject;
			buildConfigurationList = C01FCF4E08A954540054247B /* Build configuration list for PBXProject "Metronomic" */;
			compatibilityVersion = "Xcode 3.1";
			hasScannedForEncodings = 1;
			knownRegions = (
				English,
				Japanese,
				French,
				German,
				en,
			);
			mainGroup = 29B97314FDCFA39411CA2CEA /* CustomTemplate */;
			projectDirPath = "";
			projectRoot = "";
			targets = (
				1D6058900D05DD3D006BFB54 /* Metronomic */,
			);
		};
/* End PBXProject section */

/* Begin PBXResourcesBuildPhase section */
		1D60588D0D05DD3D006BFB54 /* Resources */ = {
			isa = PBXResourcesBuildPhase;
			buildActionMask = 2147483647;
			files = (
				3027C0F50EB66D0E00F9580A /* Default.png in Resources */,
				3027C1920EB6713F00F9580A /* appData.plist in Resources */,
				EB5A9D910ED98DF90091DDD9 /* README.Textile in Resources */,
				EB5A9DA70ED9D54E0091DDD9 /* ListView.xib in Resources */,
				EB5A9DA90ED9D6D50091DDD9 /* PropertiesView.xib in Resources */,
				EB27DA8A0EDFED1B00D8E461 /* EditProperty.xib in Resources */,
			);
			runOnlyForDeploymentPostprocessing = 0;
		};
/* End PBXResourcesBuildPhase section */

/* Begin PBXSourcesBuildPhase section */
		1D60588E0D05DD3D006BFB54 /* Sources */ = {
			isa = PBXSourcesBuildPhase;
			buildActionMask = 2147483647;
			files = (
				1D60589B0D05DD56006BFB54 /* main.m in Sources */,
				3027C0ED0EB66D0500F9580A /* PropertiesViewController.m in Sources */,
				3027C0EE0EB66D0500F9580A /* PropertyCell.m in Sources */,
				3027C0F10EB66D0500F9580A /* AppDelegate.m in Sources */,
				3027C0F20EB66D0500F9580A /* ListViewController.m in Sources */,
				3027C0F30EB66D0500F9580A /* DetailCell.m in Sources */,
				EB62CA450EDAC39600E5CFB3 /* Song.m in Sources */,
				EB62CA4A0EDAC6FD00E5CFB3 /* SongList.m in Sources */,
				EB27DAC40EDFF25500D8E461 /* EditPropertyController.m in Sources */,
			);
			runOnlyForDeploymentPostprocessing = 0;
		};
/* End PBXSourcesBuildPhase section */

/* Begin XCBuildConfiguration section */
		1D6058940D05DD3E006BFB54 /* Debug */ = {
			isa = XCBuildConfiguration;
			buildSettings = {
				ALWAYS_SEARCH_USER_PATHS = NO;
				COPY_PHASE_STRIP = NO;
				GCC_DYNAMIC_NO_PIC = NO;
				GCC_OPTIMIZATION_LEVEL = 0;
				GCC_PRECOMPILE_PREFIX_HEADER = YES;
				GCC_PREFIX_HEADER = Metronomic_Prefix.pch;
				INFOPLIST_FILE = Info.plist;
				PRODUCT_NAME = Metronomic;
			};
			name = Debug;
		};
		1D6058950D05DD3E006BFB54 /* Release */ = {
			isa = XCBuildConfiguration;
			buildSettings = {
				ALWAYS_SEARCH_USER_PATHS = NO;
				COPY_PHASE_STRIP = YES;
				GCC_PRECOMPILE_PREFIX_HEADER = YES;
				GCC_PREFIX_HEADER = EditableDetailView_Prefix.pch;
				INFOPLIST_FILE = Info.plist;
				PRODUCT_NAME = EditableDetailView;
			};
			name = Release;
		};
		C01FCF4F08A954540054247B /* Debug */ = {
			isa = XCBuildConfiguration;
			buildSettings = {
				ARCHS = "$(ARCHS_STANDARD_32_BIT)";
				"CODE_SIGN_IDENTITY[sdk=iphoneos*]" = "iPhone Developer";
				EXCLUDED_RECURSIVE_SEARCH_PATH_SUBDIRECTORIES = ".git *.nib *.lproj *.framework *.gch *.xcode* (*) CVS .svn";
				GCC_C_LANGUAGE_STANDARD = c99;
				GCC_WARN_ABOUT_RETURN_TYPE = YES;
				GCC_WARN_UNUSED_VARIABLE = YES;
				ONLY_ACTIVE_ARCH = YES;
				PREBINDING = NO;
				SDKROOT = iphoneos2.1;
			};
			name = Debug;
		};
		C01FCF5008A954540054247B /* Release */ = {
			isa = XCBuildConfiguration;
			buildSettings = {
				ARCHS = "$(ARCHS_STANDARD_32_BIT)";
				"CODE_SIGN_IDENTITY[sdk=iphoneos*]" = "iPhone Developer";
				GCC_C_LANGUAGE_STANDARD = c99;
				GCC_WARN_ABOUT_RETURN_TYPE = YES;
				GCC_WARN_UNUSED_VARIABLE = YES;
				PREBINDING = NO;
				SDKROOT = iphoneos2.1;
			};
			name = Release;
		};
/* End XCBuildConfiguration section */

/* Begin XCConfigurationList section */
		1D6058960D05DD3E006BFB54 /* Build configuration list for PBXNativeTarget "Metronomic" */ = {
			isa = XCConfigurationList;
			buildConfigurations = (
				1D6058940D05DD3E006BFB54 /* Debug */,
				1D6058950D05DD3E006BFB54 /* Release */,
			);
			defaultConfigurationIsVisible = 0;
			defaultConfigurationName = Release;
		};
		C01FCF4E08A954540054247B /* Build configuration list for PBXProject "Metronomic" */ = {
			isa = XCConfigurationList;
			buildConfigurations = (
				C01FCF4F08A954540054247B /* Debug */,
				C01FCF5008A954540054247B /* Release */,
			);
			defaultConfigurationIsVisible = 0;
			defaultConfigurationName = Release;
		};
/* End XCConfigurationList section */
	};
	rootObject = 29B97313FDCFA39411CA2CEA /* Project object */;
}
